
Microsoft Visual Studio Solution File, Format Version 12.00
# Visual Studio Version 17
VisualStudioVersion = 17.10.35027.167
MinimumVisualStudioVersion = 10.0.40219.1
Project("{E24C65DC-7377-472B-9ABA-BC803B73C61A}") = "mini_project_dams", ".", "{9620CC44-69E9-4840-B66E-D317C0C0E404}"
	ProjectSection(WebsiteProperties) = preProject
		TargetFrameworkMoniker = ".NETFramework,Version%3Dv4.8"
		Debug.AspNetCompiler.VirtualPath = "/localhost_55064"
		Debug.AspNetCompiler.PhysicalPath = "..\mini_project_dams\"
		Debug.AspNetCompiler.TargetPath = "PrecompiledWeb\localhost_55064\"
		Debug.AspNetCompiler.Updateable = "true"
		Debug.AspNetCompiler.ForceOverwrite = "true"
		Debug.AspNetCompiler.FixedNames = "false"
		Debug.AspNetCompiler.Debug = "True"
		Release.AspNetCompiler.VirtualPath = "/localhost_55064"
		Release.AspNetCompiler.PhysicalPath = "..\mini_project_dams\"
		Release.AspNetCompiler.TargetPath = "PrecompiledWeb\localhost_55064\"
		Release.AspNetCompiler.Updateable = "true"
		Release.AspNetCompiler.ForceOverwrite = "true"
		Release.AspNetCompiler.FixedNames = "false"
		Release.AspNetCompiler.Debug = "False"
		VWDPort = "55064"
		SlnRelativePath = "..\mini_project_dams\"
		DefaultWebSiteLanguage = "Visual C#"
	EndProjectSection
EndProject
Global
	GlobalSection(SolutionConfigurationPlatforms) = preSolution
		Debug|Any CPU = Debug|Any CPU
	EndGlobalSection
	GlobalSection(ProjectConfigurationPlatforms) = postSolution
		{9620CC44-69E9-4840-B66E-D317C0C0E404}.Debug|Any CPU.ActiveCfg = Debug|Any CPU
		{9620CC44-69E9-4840-B66E-D317C0C0E404}.Debug|Any CPU.Build.0 = Debug|Any CPU
	EndGlobalSection
	GlobalSection(SolutionProperties) = preSolution
		HideSolutionNode = FALSE
	EndGlobalSection
	GlobalSection(ExtensibilityGlobals) = postSolution
		SolutionGuid = {635FDD7B-F106-41CE-AF72-227BF3DC47A7}
	EndGlobalSection
EndGlobal
